
Microsoft Visual Studio Solution File, Format Version 11.00
# Visual Studio 2010
Project("{FAE04EC0-301F-11D3-BF4B-00C04F79EFBC}") = "SamsaraWebsiteUpdateDataService", "SamsaraWebsiteUpdateDataService\SamsaraWebsiteUpdateDataService.csproj", "{FE19660B-0346-49F2-BD7B-C8AF6FE4D90F}"
EndProject
Project("{54435603-DBB4-11D2-8724-00A0C9A8B90C}") = "SamsaraWebsiteUpdater", "SamsaraWebsiteUpdater\SamsaraWebsiteUpdater.vdproj", "{02070FB0-A960-498E-AFF5-531E23A37D3D}"
EndProject
Global
	GlobalSection(SolutionConfigurationPlatforms) = preSolution
		Debug|x86 = Debug|x86
		Release|x86 = Release|x86
	EndGlobalSection
	GlobalSection(ProjectConfigurationPlatforms) = postSolution
		{FE19660B-0346-49F2-BD7B-C8AF6FE4D90F}.Debug|x86.ActiveCfg = Debug|x86
		{FE19660B-0346-49F2-BD7B-C8AF6FE4D90F}.Debug|x86.Build.0 = Debug|x86
		{FE19660B-0346-49F2-BD7B-C8AF6FE4D90F}.Release|x86.ActiveCfg = Release|x86
		{FE19660B-0346-49F2-BD7B-C8AF6FE4D90F}.Release|x86.Build.0 = Release|x86
		{02070FB0-A960-498E-AFF5-531E23A37D3D}.Debug|x86.ActiveCfg = Debug
		{02070FB0-A960-498E-AFF5-531E23A37D3D}.Release|x86.ActiveCfg = Release
	EndGlobalSection
	GlobalSection(SolutionProperties) = preSolution
		HideSolutionNode = FALSE
	EndGlobalSection
EndGlobal
